
Microsoft Visual Studio Solution File, Format Version 12.00
# Visual Studio Version 17
VisualStudioVersion = 17.9.34728.123
MinimumVisualStudioVersion = 10.0.40219.1
Project("{FAE04EC0-301F-11D3-BF4B-00C04F79EFBC}") = "Partial-Views-ASP.Net", "Partial-Views-ASP.Net\Partial-Views-ASP.Net.csproj", "{F288CFA8-B111-4109-8645-B1406DF6CEEA}"
EndProject
Global
	GlobalSection(SolutionConfigurationPlatforms) = preSolution
		Debug|Any CPU = Debug|Any CPU
		Release|Any CPU = Release|Any CPU
	EndGlobalSection
	GlobalSection(ProjectConfigurationPlatforms) = postSolution
		{F288CFA8-B111-4109-8645-B1406DF6CEEA}.Debug|Any CPU.ActiveCfg = Debug|Any CPU
		{F288CFA8-B111-4109-8645-B1406DF6CEEA}.Debug|Any CPU.Build.0 = Debug|Any CPU
		{F288CFA8-B111-4109-8645-B1406DF6CEEA}.Release|Any CPU.ActiveCfg = Release|Any CPU
		{F288CFA8-B111-4109-8645-B1406DF6CEEA}.Release|Any CPU.Build.0 = Release|Any CPU
	EndGlobalSection
	GlobalSection(SolutionProperties) = preSolution
		HideSolutionNode = FALSE
	EndGlobalSection
	GlobalSection(ExtensibilityGlobals) = postSolution
		SolutionGuid = {442B4795-E3AF-4DA6-8AA6-55904A12C549}
	EndGlobalSection
EndGlobal
